{
  "originHash" : "01c2aeb3f3d7e11841e972d3090318385115de0668be9e92fc24ce31c39caf5c",
  "pins" : [
    {
      "identity" : "swift-ioc",
      "kind" : "remoteSourceControl",
      "location" : "https://github.com/relux-works/swift-ioc.git",
      "state" : {
        "revision" : "95dccf4b0b97c27e7e9ef41a45c1ccfbc26507dd",
        "version" : "1.0.3"
      }
    },
    {
      "identity" : "swift-relux",
      "kind" : "remoteSourceControl",
      "location" : "https://github.com/relux-works/swift-relux.git",
      "state" : {
        "revision" : "483a0f2b6c97721ecb651516e9db9fb83c90cd69",
        "version" : "9.2.0"
      }
    },
    {
      "identity" : "swiftui-reluxrouter",
      "kind" : "remoteSourceControl",
      "location" : "https://github.com/relux-works/swiftui-reluxrouter.git",
      "state" : {
        "revision" : "cb80d2b5422a2329701d6e450815ba565b396b6d",
        "version" : "12.1.0"
      }
    }
  ],
  "version" : 3
}
