{
  "originHash" : "e6023531fc6a2efac53ec94b3564d32fefc39149183e5ad273498a340c4148df",
  "pins" : [
    {
      "identity" : "swift-ioc",
      "kind" : "remoteSourceControl",
      "location" : "https://github.com/relux-works/swift-ioc.git",
      "state" : {
        "revision" : "95dccf4b0b97c27e7e9ef41a45c1ccfbc26507dd",
        "version" : "1.0.3"
      }
    },
    {
      "identity" : "swift-relux",
      "kind" : "remoteSourceControl",
      "location" : "https://github.com/relux-works/swift-relux.git",
      "state" : {
        "revision" : "483a0f2b6c97721ecb651516e9db9fb83c90cd69",
        "version" : "9.2.0"
      }
    },
    {
      "identity" : "swiftui-relux",
      "kind" : "remoteSourceControl",
      "location" : "https://github.com/relux-works/swiftui-relux.git",
      "state" : {
        "revision" : "ac791a9a3f84c2db0b0f874622728a7efff37e01",
        "version" : "9.0.0"
      }
    },
    {
      "identity" : "swiftui-reluxrouter",
      "kind" : "remoteSourceControl",
      "location" : "https://github.com/relux-works/swiftui-reluxrouter.git",
      "state" : {
        "revision" : "cb80d2b5422a2329701d6e450815ba565b396b6d",
        "version" : "12.1.0"
      }
    }
  ],
  "version" : 3
}
